// !$*UTF8*$!
{
	archiveVersion = 1;
	classes = {
	};
	objectVersion = 50;
	objects = {

/* Begin PBXBuildFile section */
		1957B0FB2461F0FF0038E9F9 /* AppDelegate.swift in Sources */ = {isa = PBXBuildFile; fileRef = 1957B0FA2461F0FF0038E9F9 /* AppDelegate.swift */; };
		1957B0FD2461F0FF0038E9F9 /* SceneDelegate.swift in Sources */ = {isa = PBXBuildFile; fileRef = 1957B0FC2461F0FF0038E9F9 /* SceneDelegate.swift */; };
		1957B1002461F0FF0038E9F9 /* ECG_Scanner.xcdatamodeld in Sources */ = {isa = PBXBuildFile; fileRef = 1957B0FE2461F0FF0038E9F9 /* ECG_Scanner.xcdatamodeld */; };
		1957B1022461F0FF0038E9F9 /* Intro.swift in Sources */ = {isa = PBXBuildFile; fileRef = 1957B1012461F0FF0038E9F9 /* Intro.swift */; };
		1957B1042461F1010038E9F9 /* Assets.xcassets in Resources */ = {isa = PBXBuildFile; fileRef = 1957B1032461F1010038E9F9 /* Assets.xcassets */; };
		1957B1072461F1010038E9F9 /* Preview Assets.xcassets in Resources */ = {isa = PBXBuildFile; fileRef = 1957B1062461F1010038E9F9 /* Preview Assets.xcassets */; };
		1957B10A2461F1010038E9F9 /* LaunchScreen.storyboard in Resources */ = {isa = PBXBuildFile; fileRef = 1957B1082461F1010038E9F9 /* LaunchScreen.storyboard */; };
		1957B1152461F1010038E9F9 /* ECG_ScannerTests.swift in Sources */ = {isa = PBXBuildFile; fileRef = 1957B1142461F1010038E9F9 /* ECG_ScannerTests.swift */; };
		1957B1202461F1010038E9F9 /* ECG_ScannerUITests.swift in Sources */ = {isa = PBXBuildFile; fileRef = 1957B11F2461F1010038E9F9 /* ECG_ScannerUITests.swift */; };
		1957B1302461F3CC0038E9F9 /* Form.swift in Sources */ = {isa = PBXBuildFile; fileRef = 1957B12F2461F3CC0038E9F9 /* Form.swift */; };
		196AC1E42469DBEA001809F9 /* Card.swift in Sources */ = {isa = PBXBuildFile; fileRef = 196AC1E32469DBEA001809F9 /* Card.swift */; };
		196AC1E62469DC8C001809F9 /* CardView.swift in Sources */ = {isa = PBXBuildFile; fileRef = 196AC1E52469DC8C001809F9 /* CardView.swift */; };
		19722B432471A7C3004EFD6F /* Settings.swift in Sources */ = {isa = PBXBuildFile; fileRef = 19722B422471A7C3004EFD6F /* Settings.swift */; };
		19722B452471A7FF004EFD6F /* Open.swift in Sources */ = {isa = PBXBuildFile; fileRef = 19722B442471A7FF004EFD6F /* Open.swift */; };
		1986BFA82463421A006313C4 /* RotatedBadgeSymbol.swift in Sources */ = {isa = PBXBuildFile; fileRef = 1986BFA42463421A006313C4 /* RotatedBadgeSymbol.swift */; };
		1986BFA92463421A006313C4 /* Badge.swift in Sources */ = {isa = PBXBuildFile; fileRef = 1986BFA52463421A006313C4 /* Badge.swift */; };
		1986BFAA2463421A006313C4 /* BadgeBackground.swift in Sources */ = {isa = PBXBuildFile; fileRef = 1986BFA62463421A006313C4 /* BadgeBackground.swift */; };
		1986BFAB2463421A006313C4 /* BadgeSymbol.swift in Sources */ = {isa = PBXBuildFile; fileRef = 1986BFA72463421A006313C4 /* BadgeSymbol.swift */; };
		1986BFAD24634278006313C4 /* HexagonParameters.swift in Sources */ = {isa = PBXBuildFile; fileRef = 1986BFAC24634278006313C4 /* HexagonParameters.swift */; };
		1986BFB024634575006313C4 /* animationcurves.swift in Sources */ = {isa = PBXBuildFile; fileRef = 1986BFAF24634575006313C4 /* animationcurves.swift */; };
/* End PBXBuildFile section */

/* Begin PBXContainerItemProxy section */
		1957B1112461F1010038E9F9 /* PBXContainerItemProxy */ = {
			isa = PBXContainerItemProxy;
			containerPortal = 1957B0EF2461F0FF0038E9F9 /* Project object */;
			proxyType = 1;
			remoteGlobalIDString = 1957B0F62461F0FF0038E9F9;
			remoteInfo = "ECG Scanner";
		};
		1957B11C2461F1010038E9F9 /* PBXContainerItemProxy */ = {
			isa = PBXContainerItemProxy;
			containerPortal = 1957B0EF2461F0FF0038E9F9 /* Project object */;
			proxyType = 1;
			remoteGlobalIDString = 1957B0F62461F0FF0038E9F9;
			remoteInfo = "ECG Scanner";
		};
/* End PBXContainerItemProxy section */

/* Begin PBXFileReference section */
		1957B0F72461F0FF0038E9F9 /* ECG Scanner.app */ = {isa = PBXFileReference; explicitFileType = wrapper.application; includeInIndex = 0; path = "ECG Scanner.app"; sourceTree = BUILT_PRODUCTS_DIR; };
		1957B0FA2461F0FF0038E9F9 /* AppDelegate.swift */ = {isa = PBXFileReference; lastKnownFileType = sourcecode.swift; path = AppDelegate.swift; sourceTree = "<group>"; };
		1957B0FC2461F0FF0038E9F9 /* SceneDelegate.swift */ = {isa = PBXFileReference; lastKnownFileType = sourcecode.swift; path = SceneDelegate.swift; sourceTree = "<group>"; };
		1957B0FF2461F0FF0038E9F9 /* ECG_Scanner.xcdatamodel */ = {isa = PBXFileReference; lastKnownFileType = wrapper.xcdatamodel; path = ECG_Scanner.xcdatamodel; sourceTree = "<group>"; };
		1957B1012461F0FF0038E9F9 /* Intro.swift */ = {isa = PBXFileReference; lastKnownFileType = sourcecode.swift; path = Intro.swift; sourceTree = "<group>"; };
		1957B1032461F1010038E9F9 /* Assets.xcassets */ = {isa = PBXFileReference; lastKnownFileType = folder.assetcatalog; name = Assets.xcassets; path = "/Users/gago/Dropbox/Proyecto/Dev/repo/ecgscanner/ECG Scanner/ECG Scanner/Assets.xcassets"; sourceTree = "<absolute>"; };
		1957B1062461F1010038E9F9 /* Preview Assets.xcassets */ = {isa = PBXFileReference; lastKnownFileType = folder.assetcatalog; path = "Preview Assets.xcassets"; sourceTree = "<group>"; };
		1957B1092461F1010038E9F9 /* Base */ = {isa = PBXFileReference; lastKnownFileType = file.storyboard; name = Base; path = Base.lproj/LaunchScreen.storyboard; sourceTree = "<group>"; };
		1957B10B2461F1010038E9F9 /* Info.plist */ = {isa = PBXFileReference; lastKnownFileType = text.plist.xml; path = Info.plist; sourceTree = "<group>"; };
		1957B1102461F1010038E9F9 /* ECG ScannerTests.xctest */ = {isa = PBXFileReference; explicitFileType = wrapper.cfbundle; includeInIndex = 0; path = "ECG ScannerTests.xctest"; sourceTree = BUILT_PRODUCTS_DIR; };
		1957B1142461F1010038E9F9 /* ECG_ScannerTests.swift */ = {isa = PBXFileReference; lastKnownFileType = sourcecode.swift; path = ECG_ScannerTests.swift; sourceTree = "<group>"; };
		1957B1162461F1010038E9F9 /* Info.plist */ = {isa = PBXFileReference; lastKnownFileType = text.plist.xml; path = Info.plist; sourceTree = "<group>"; };
		1957B11B2461F1010038E9F9 /* ECG ScannerUITests.xctest */ = {isa = PBXFileReference; explicitFileType = wrapper.cfbundle; includeInIndex = 0; path = "ECG ScannerUITests.xctest"; sourceTree = BUILT_PRODUCTS_DIR; };
		1957B11F2461F1010038E9F9 /* ECG_ScannerUITests.swift */ = {isa = PBXFileReference; lastKnownFileType = sourcecode.swift; path = ECG_ScannerUITests.swift; sourceTree = "<group>"; };
		1957B1212461F1010038E9F9 /* Info.plist */ = {isa = PBXFileReference; lastKnownFileType = text.plist.xml; path = Info.plist; sourceTree = "<group>"; };
		1957B12F2461F3CC0038E9F9 /* Form.swift */ = {isa = PBXFileReference; lastKnownFileType = sourcecode.swift; path = Form.swift; sourceTree = "<group>"; };
		196AC1E32469DBEA001809F9 /* Card.swift */ = {isa = PBXFileReference; lastKnownFileType = sourcecode.swift; path = Card.swift; sourceTree = "<group>"; };
		196AC1E52469DC8C001809F9 /* CardView.swift */ = {isa = PBXFileReference; lastKnownFileType = sourcecode.swift; path = CardView.swift; sourceTree = "<group>"; };
		19722B422471A7C3004EFD6F /* Settings.swift */ = {isa = PBXFileReference; lastKnownFileType = sourcecode.swift; path = Settings.swift; sourceTree = "<group>"; };
		19722B442471A7FF004EFD6F /* Open.swift */ = {isa = PBXFileReference; lastKnownFileType = sourcecode.swift; path = Open.swift; sourceTree = "<group>"; };
		1986BFA42463421A006313C4 /* RotatedBadgeSymbol.swift */ = {isa = PBXFileReference; fileEncoding = 4; lastKnownFileType = sourcecode.swift; path = RotatedBadgeSymbol.swift; sourceTree = "<group>"; };
		1986BFA52463421A006313C4 /* Badge.swift */ = {isa = PBXFileReference; fileEncoding = 4; lastKnownFileType = sourcecode.swift; path = Badge.swift; sourceTree = "<group>"; };
		1986BFA62463421A006313C4 /* BadgeBackground.swift */ = {isa = PBXFileReference; fileEncoding = 4; lastKnownFileType = sourcecode.swift; path = BadgeBackground.swift; sourceTree = "<group>"; };
		1986BFA72463421A006313C4 /* BadgeSymbol.swift */ = {isa = PBXFileReference; fileEncoding = 4; lastKnownFileType = sourcecode.swift; path = BadgeSymbol.swift; sourceTree = "<group>"; };
		1986BFAC24634278006313C4 /* HexagonParameters.swift */ = {isa = PBXFileReference; fileEncoding = 4; lastKnownFileType = sourcecode.swift; path = HexagonParameters.swift; sourceTree = "<group>"; };
		1986BFAF24634575006313C4 /* animationcurves.swift */ = {isa = PBXFileReference; fileEncoding = 4; lastKnownFileType = sourcecode.swift; path = animationcurves.swift; sourceTree = "<group>"; };
/* End PBXFileReference section */

/* Begin PBXFrameworksBuildPhase section */
		1957B0F42461F0FF0038E9F9 /* Frameworks */ = {
			isa = PBXFrameworksBuildPhase;
			buildActionMask = 2147483647;
			files = (
			);
			runOnlyForDeploymentPostprocessing = 0;
		};
		1957B10D2461F1010038E9F9 /* Frameworks */ = {
			isa = PBXFrameworksBuildPhase;
			buildActionMask = 2147483647;
			files = (
			);
			runOnlyForDeploymentPostprocessing = 0;
		};
		1957B1182461F1010038E9F9 /* Frameworks */ = {
			isa = PBXFrameworksBuildPhase;
			buildActionMask = 2147483647;
			files = (
			);
			runOnlyForDeploymentPostprocessing = 0;
		};
/* End PBXFrameworksBuildPhase section */

/* Begin PBXGroup section */
		1957B0EE2461F0FF0038E9F9 = {
			isa = PBXGroup;
			children = (
				1957B0F92461F0FF0038E9F9 /* ECG Scanner */,
				1957B1132461F1010038E9F9 /* ECG ScannerTests */,
				1957B11E2461F1010038E9F9 /* ECG ScannerUITests */,
				1957B0F82461F0FF0038E9F9 /* Products */,
			);
			sourceTree = "<group>";
		};
		1957B0F82461F0FF0038E9F9 /* Products */ = {
			isa = PBXGroup;
			children = (
				1957B0F72461F0FF0038E9F9 /* ECG Scanner.app */,
				1957B1102461F1010038E9F9 /* ECG ScannerTests.xctest */,
				1957B11B2461F1010038E9F9 /* ECG ScannerUITests.xctest */,
			);
			name = Products;
			sourceTree = "<group>";
		};
		1957B0F92461F0FF0038E9F9 /* ECG Scanner */ = {
			isa = PBXGroup;
			children = (
				1986BFAE24634289006313C4 /* Models */,
				1957B12E2461F15E0038E9F9 /* Main Views */,
				1957B12D2461F1420038E9F9 /* Supporting Views */,
				1957B0FA2461F0FF0038E9F9 /* AppDelegate.swift */,
				1957B0FC2461F0FF0038E9F9 /* SceneDelegate.swift */,
				1957B1032461F1010038E9F9 /* Assets.xcassets */,
				1957B1082461F1010038E9F9 /* LaunchScreen.storyboard */,
				1957B10B2461F1010038E9F9 /* Info.plist */,
				1957B0FE2461F0FF0038E9F9 /* ECG_Scanner.xcdatamodeld */,
				1957B1052461F1010038E9F9 /* Preview Content */,
			);
			path = "ECG Scanner";
			sourceTree = "<group>";
		};
		1957B1052461F1010038E9F9 /* Preview Content */ = {
			isa = PBXGroup;
			children = (
				1957B1062461F1010038E9F9 /* Preview Assets.xcassets */,
			);
			path = "Preview Content";
			sourceTree = "<group>";
		};
		1957B1132461F1010038E9F9 /* ECG ScannerTests */ = {
			isa = PBXGroup;
			children = (
				1957B1142461F1010038E9F9 /* ECG_ScannerTests.swift */,
				1957B1162461F1010038E9F9 /* Info.plist */,
			);
			path = "ECG ScannerTests";
			sourceTree = "<group>";
		};
		1957B11E2461F1010038E9F9 /* ECG ScannerUITests */ = {
			isa = PBXGroup;
			children = (
				1957B11F2461F1010038E9F9 /* ECG_ScannerUITests.swift */,
				1957B1212461F1010038E9F9 /* Info.plist */,
			);
			path = "ECG ScannerUITests";
			sourceTree = "<group>";
		};
		1957B12D2461F1420038E9F9 /* Supporting Views */ = {
			isa = PBXGroup;
			children = (
				1986BFAF24634575006313C4 /* animationcurves.swift */,
				1986BFAC24634278006313C4 /* HexagonParameters.swift */,
				1986BFA52463421A006313C4 /* Badge.swift */,
				1986BFA62463421A006313C4 /* BadgeBackground.swift */,
				1986BFA72463421A006313C4 /* BadgeSymbol.swift */,
				1986BFA42463421A006313C4 /* RotatedBadgeSymbol.swift */,
				196AC1E52469DC8C001809F9 /* CardView.swift */,
			);
			path = "Supporting Views";
			sourceTree = "<group>";
		};
		1957B12E2461F15E0038E9F9 /* Main Views */ = {
			isa = PBXGroup;
			children = (
				1957B1012461F0FF0038E9F9 /* Intro.swift */,
				1957B12F2461F3CC0038E9F9 /* Form.swift */,
				19722B422471A7C3004EFD6F /* Settings.swift */,
				19722B442471A7FF004EFD6F /* Open.swift */,
			);
			path = "Main Views";
			sourceTree = "<group>";
		};
		1986BFAE24634289006313C4 /* Models */ = {
			isa = PBXGroup;
			children = (
				196AC1E32469DBEA001809F9 /* Card.swift */,
			);
			path = Models;
			sourceTree = "<group>";
		};
/* End PBXGroup section */

/* Begin PBXNativeTarget section */
		1957B0F62461F0FF0038E9F9 /* ECG Scanner */ = {
			isa = PBXNativeTarget;
			buildConfigurationList = 1957B1242461F1010038E9F9 /* Build configuration list for PBXNativeTarget "ECG Scanner" */;
			buildPhases = (
				1957B0F32461F0FF0038E9F9 /* Sources */,
				1957B0F42461F0FF0038E9F9 /* Frameworks */,
				1957B0F52461F0FF0038E9F9 /* Resources */,
			);
			buildRules = (
			);
			dependencies = (
			);
			name = "ECG Scanner";
			productName = "ECG Scanner";
			productReference = 1957B0F72461F0FF0038E9F9 /* ECG Scanner.app */;
			productType = "com.apple.product-type.application";
		};
		1957B10F2461F1010038E9F9 /* ECG ScannerTests */ = {
			isa = PBXNativeTarget;
			buildConfigurationList = 1957B1272461F1010038E9F9 /* Build configuration list for PBXNativeTarget "ECG ScannerTests" */;
			buildPhases = (
				1957B10C2461F1010038E9F9 /* Sources */,
				1957B10D2461F1010038E9F9 /* Frameworks */,
				1957B10E2461F1010038E9F9 /* Resources */,
			);
			buildRules = (
			);
			dependencies = (
				1957B1122461F1010038E9F9 /* PBXTargetDependency */,
			);
			name = "ECG ScannerTests";
			productName = "ECG ScannerTests";
			productReference = 1957B1102461F1010038E9F9 /* ECG ScannerTests.xctest */;
			productType = "com.apple.product-type.bundle.unit-test";
		};
		1957B11A2461F1010038E9F9 /* ECG ScannerUITests */ = {
			isa = PBXNativeTarget;
			buildConfigurationList = 1957B12A2461F1010038E9F9 /* Build configuration list for PBXNativeTarget "ECG ScannerUITests" */;
			buildPhases = (
				1957B1172461F1010038E9F9 /* Sources */,
				1957B1182461F1010038E9F9 /* Frameworks */,
				1957B1192461F1010038E9F9 /* Resources */,
			);
			buildRules = (
			);
			dependencies = (
				1957B11D2461F1010038E9F9 /* PBXTargetDependency */,
			);
			name = "ECG ScannerUITests";
			productName = "ECG ScannerUITests";
			productReference = 1957B11B2461F1010038E9F9 /* ECG ScannerUITests.xctest */;
			productType = "com.apple.product-type.bundle.ui-testing";
		};
/* End PBXNativeTarget section */

/* Begin PBXProject section */
		1957B0EF2461F0FF0038E9F9 /* Project object */ = {
			isa = PBXProject;
			attributes = {
				LastSwiftUpdateCheck = 1130;
				LastUpgradeCheck = 1130;
				ORGANIZATIONNAME = "Francisco Gago";
				TargetAttributes = {
					1957B0F62461F0FF0038E9F9 = {
						CreatedOnToolsVersion = 11.3;
					};
					1957B10F2461F1010038E9F9 = {
						CreatedOnToolsVersion = 11.3;
						TestTargetID = 1957B0F62461F0FF0038E9F9;
					};
					1957B11A2461F1010038E9F9 = {
						CreatedOnToolsVersion = 11.3;
						TestTargetID = 1957B0F62461F0FF0038E9F9;
					};
				};
			};
			buildConfigurationList = 1957B0F22461F0FF0038E9F9 /* Build configuration list for PBXProject "ECG Scanner" */;
			compatibilityVersion = "Xcode 9.3";
			developmentRegion = en;
			hasScannedForEncodings = 0;
			knownRegions = (
				en,
				Base,
			);
			mainGroup = 1957B0EE2461F0FF0038E9F9;
			productRefGroup = 1957B0F82461F0FF0038E9F9 /* Products */;
			projectDirPath = "";
			projectRoot = "";
			targets = (
				1957B0F62461F0FF0038E9F9 /* ECG Scanner */,
				1957B10F2461F1010038E9F9 /* ECG ScannerTests */,
				1957B11A2461F1010038E9F9 /* ECG ScannerUITests */,
			);
		};
/* End PBXProject section */

/* Begin PBXResourcesBuildPhase section */
		1957B0F52461F0FF0038E9F9 /* Resources */ = {
			isa = PBXResourcesBuildPhase;
			buildActionMask = 2147483647;
			files = (
				1957B10A2461F1010038E9F9 /* LaunchScreen.storyboard in Resources */,
				1957B1072461F1010038E9F9 /* Preview Assets.xcassets in Resources */,
				1957B1042461F1010038E9F9 /* Assets.xcassets in Resources */,
			);
			runOnlyForDeploymentPostprocessing = 0;
		};
		1957B10E2461F1010038E9F9 /* Resources */ = {
			isa = PBXResourcesBuildPhase;
			buildActionMask = 2147483647;
			files = (
			);
			runOnlyForDeploymentPostprocessing = 0;
		};
		1957B1192461F1010038E9F9 /* Resources */ = {
			isa = PBXResourcesBuildPhase;
			buildActionMask = 2147483647;
			files = (
			);
			runOnlyForDeploymentPostprocessing = 0;
		};
/* End PBXResourcesBuildPhase section */

/* Begin PBXSourcesBuildPhase section */
		1957B0F32461F0FF0038E9F9 /* Sources */ = {
			isa = PBXSourcesBuildPhase;
			buildActionMask = 2147483647;
			files = (
				196AC1E62469DC8C001809F9 /* CardView.swift in Sources */,
				1986BFAD24634278006313C4 /* HexagonParameters.swift in Sources */,
				1986BFA92463421A006313C4 /* Badge.swift in Sources */,
				1957B0FB2461F0FF0038E9F9 /* AppDelegate.swift in Sources */,
				19722B432471A7C3004EFD6F /* Settings.swift in Sources */,
				196AC1E42469DBEA001809F9 /* Card.swift in Sources */,
				1986BFAB2463421A006313C4 /* BadgeSymbol.swift in Sources */,
				1957B0FD2461F0FF0038E9F9 /* SceneDelegate.swift in Sources */,
				1986BFAA2463421A006313C4 /* BadgeBackground.swift in Sources */,
				1957B1302461F3CC0038E9F9 /* Form.swift in Sources */,
				1986BFB024634575006313C4 /* animationcurves.swift in Sources */,
				1957B1022461F0FF0038E9F9 /* Intro.swift in Sources */,
				1957B1002461F0FF0038E9F9 /* ECG_Scanner.xcdatamodeld in Sources */,
				1986BFA82463421A006313C4 /* RotatedBadgeSymbol.swift in Sources */,
				19722B452471A7FF004EFD6F /* Open.swift in Sources */,
			);
			runOnlyForDeploymentPostprocessing = 0;
		};
		1957B10C2461F1010038E9F9 /* Sources */ = {
			isa = PBXSourcesBuildPhase;
			buildActionMask = 2147483647;
			files = (
				1957B1152461F1010038E9F9 /* ECG_ScannerTests.swift in Sources */,
			);
			runOnlyForDeploymentPostprocessing = 0;
		};
		1957B1172461F1010038E9F9 /* Sources */ = {
			isa = PBXSourcesBuildPhase;
			buildActionMask = 2147483647;
			files = (
				1957B1202461F1010038E9F9 /* ECG_ScannerUITests.swift in Sources */,
			);
			runOnlyForDeploymentPostprocessing = 0;
		};
/* End PBXSourcesBuildPhase section */

/* Begin PBXTargetDependency section */
		1957B1122461F1010038E9F9 /* PBXTargetDependency */ = {
			isa = PBXTargetDependency;
			target = 1957B0F62461F0FF0038E9F9 /* ECG Scanner */;
			targetProxy = 1957B1112461F1010038E9F9 /* PBXContainerItemProxy */;
		};
		1957B11D2461F1010038E9F9 /* PBXTargetDependency */ = {
			isa = PBXTargetDependency;
			target = 1957B0F62461F0FF0038E9F9 /* ECG Scanner */;
			targetProxy = 1957B11C2461F1010038E9F9 /* PBXContainerItemProxy */;
		};
/* End PBXTargetDependency section */

/* Begin PBXVariantGroup section */
		1957B1082461F1010038E9F9 /* LaunchScreen.storyboard */ = {
			isa = PBXVariantGroup;
			children = (
				1957B1092461F1010038E9F9 /* Base */,
			);
			name = LaunchScreen.storyboard;
			sourceTree = "<group>";
		};
/* End PBXVariantGroup section */

/* Begin XCBuildConfiguration section */
		1957B1222461F1010038E9F9 /* Debug */ = {
			isa = XCBuildConfiguration;
			buildSettings = {
				ALWAYS_SEARCH_USER_PATHS = NO;
				CLANG_ANALYZER_NONNULL = YES;
				CLANG_ANALYZER_NUMBER_OBJECT_CONVERSION = YES_AGGRESSIVE;
				CLANG_CXX_LANGUAGE_STANDARD = "gnu++14";
				CLANG_CXX_LIBRARY = "libc++";
				CLANG_ENABLE_MODULES = YES;
				CLANG_ENABLE_OBJC_ARC = YES;
				CLANG_ENABLE_OBJC_WEAK = YES;
				CLANG_WARN_BLOCK_CAPTURE_AUTORELEASING = YES;
				CLANG_WARN_BOOL_CONVERSION = YES;
				CLANG_WARN_COMMA = YES;
				CLANG_WARN_CONSTANT_CONVERSION = YES;
				CLANG_WARN_DEPRECATED_OBJC_IMPLEMENTATIONS = YES;
				CLANG_WARN_DIRECT_OBJC_ISA_USAGE = YES_ERROR;
				CLANG_WARN_DOCUMENTATION_COMMENTS = YES;
				CLANG_WARN_EMPTY_BODY = YES;
				CLANG_WARN_ENUM_CONVERSION = YES;
				CLANG_WARN_INFINITE_RECURSION = YES;
				CLANG_WARN_INT_CONVERSION = YES;
				CLANG_WARN_NON_LITERAL_NULL_CONVERSION = YES;
				CLANG_WARN_OBJC_IMPLICIT_RETAIN_SELF = YES;
				CLANG_WARN_OBJC_LITERAL_CONVERSION = YES;
				CLANG_WARN_OBJC_ROOT_CLASS = YES_ERROR;
				CLANG_WARN_RANGE_LOOP_ANALYSIS = YES;
				CLANG_WARN_STRICT_PROTOTYPES = YES;
				CLANG_WARN_SUSPICIOUS_MOVE = YES;
				CLANG_WARN_UNGUARDED_AVAILABILITY = YES_AGGRESSIVE;
				CLANG_WARN_UNREACHABLE_CODE = YES;
				CLANG_WARN__DUPLICATE_METHOD_MATCH = YES;
				COPY_PHASE_STRIP = NO;
				DEBUG_INFORMATION_FORMAT = dwarf;
				ENABLE_STRICT_OBJC_MSGSEND = YES;
				ENABLE_TESTABILITY = YES;
				GCC_C_LANGUAGE_STANDARD = gnu11;
				GCC_DYNAMIC_NO_PIC = NO;
				GCC_NO_COMMON_BLOCKS = YES;
				GCC_OPTIMIZATION_LEVEL = 0;
				GCC_PREPROCESSOR_DEFINITIONS = (
					"DEBUG=1",
					"$(inherited)",
				);
				GCC_WARN_64_TO_32_BIT_CONVERSION = YES;
				GCC_WARN_ABOUT_RETURN_TYPE = YES_ERROR;
				GCC_WARN_UNDECLARED_SELECTOR = YES;
				GCC_WARN_UNINITIALIZED_AUTOS = YES_AGGRESSIVE;
				GCC_WARN_UNUSED_FUNCTION = YES;
				GCC_WARN_UNUSED_VARIABLE = YES;
				IPHONEOS_DEPLOYMENT_TARGET = 13.2;
				MTL_ENABLE_DEBUG_INFO = INCLUDE_SOURCE;
				MTL_FAST_MATH = YES;
				ONLY_ACTIVE_ARCH = YES;
				SDKROOT = iphoneos;
				SWIFT_ACTIVE_COMPILATION_CONDITIONS = DEBUG;
				SWIFT_OPTIMIZATION_LEVEL = "-Onone";
			};
			name = Debug;
		};
		1957B1232461F1010038E9F9 /* Release */ = {
			isa = XCBuildConfiguration;
			buildSettings = {
				ALWAYS_SEARCH_USER_PATHS = NO;
				CLANG_ANALYZER_NONNULL = YES;
				CLANG_ANALYZER_NUMBER_OBJECT_CONVERSION = YES_AGGRESSIVE;
				CLANG_CXX_LANGUAGE_STANDARD = "gnu++14";
				CLANG_CXX_LIBRARY = "libc++";
				CLANG_ENABLE_MODULES = YES;
				CLANG_ENABLE_OBJC_ARC = YES;
				CLANG_ENABLE_OBJC_WEAK = YES;
				CLANG_WARN_BLOCK_CAPTURE_AUTORELEASING = YES;
				CLANG_WARN_BOOL_CONVERSION = YES;
				CLANG_WARN_COMMA = YES;
				CLANG_WARN_CONSTANT_CONVERSION = YES;
				CLANG_WARN_DEPRECATED_OBJC_IMPLEMENTATIONS = YES;
				CLANG_WARN_DIRECT_OBJC_ISA_USAGE = YES_ERROR;
				CLANG_WARN_DOCUMENTATION_COMMENTS = YES;
				CLANG_WARN_EMPTY_BODY = YES;
				CLANG_WARN_ENUM_CONVERSION = YES;
				CLANG_WARN_INFINITE_RECURSION = YES;
				CLANG_WARN_INT_CONVERSION = YES;
				CLANG_WARN_NON_LITERAL_NULL_CONVERSION = YES;
				CLANG_WARN_OBJC_IMPLICIT_RETAIN_SELF = YES;
				CLANG_WARN_OBJC_LITERAL_CONVERSION = YES;
				CLANG_WARN_OBJC_ROOT_CLASS = YES_ERROR;
				CLANG_WARN_RANGE_LOOP_ANALYSIS = YES;
				CLANG_WARN_STRICT_PROTOTYPES = YES;
				CLANG_WARN_SUSPICIOUS_MOVE = YES;
				CLANG_WARN_UNGUARDED_AVAILABILITY = YES_AGGRESSIVE;
				CLANG_WARN_UNREACHABLE_CODE = YES;
				CLANG_WARN__DUPLICATE_METHOD_MATCH = YES;
				COPY_PHASE_STRIP = NO;
				DEBUG_INFORMATION_FORMAT = "dwarf-with-dsym";
				ENABLE_NS_ASSERTIONS = NO;
				ENABLE_STRICT_OBJC_MSGSEND = YES;
				GCC_C_LANGUAGE_STANDARD = gnu11;
				GCC_NO_COMMON_BLOCKS = YES;
				GCC_WARN_64_TO_32_BIT_CONVERSION = YES;
				GCC_WARN_ABOUT_RETURN_TYPE = YES_ERROR;
				GCC_WARN_UNDECLARED_SELECTOR = YES;
				GCC_WARN_UNINITIALIZED_AUTOS = YES_AGGRESSIVE;
				GCC_WARN_UNUSED_FUNCTION = YES;
				GCC_WARN_UNUSED_VARIABLE = YES;
				IPHONEOS_DEPLOYMENT_TARGET = 13.2;
				MTL_ENABLE_DEBUG_INFO = NO;
				MTL_FAST_MATH = YES;
				SDKROOT = iphoneos;
				SWIFT_COMPILATION_MODE = wholemodule;
				SWIFT_OPTIMIZATION_LEVEL = "-O";
				VALIDATE_PRODUCT = YES;
			};
			name = Release;
		};
		1957B1252461F1010038E9F9 /* Debug */ = {
			isa = XCBuildConfiguration;
			buildSettings = {
				ASSETCATALOG_COMPILER_APPICON_NAME = AppIcon;
				CODE_SIGN_STYLE = Automatic;
				DEVELOPMENT_ASSET_PATHS = "\"ECG Scanner/Preview Content\"";
				DEVELOPMENT_TEAM = 4P6N55ZT28;
				ENABLE_PREVIEWS = YES;
				INFOPLIST_FILE = "ECG Scanner/Info.plist";
				LD_RUNPATH_SEARCH_PATHS = (
					"$(inherited)",
					"@executable_path/Frameworks",
				);
				PRODUCT_BUNDLE_IDENTIFIER = "gago.ECG-Scanner";
				PRODUCT_NAME = "$(TARGET_NAME)";
				SWIFT_VERSION = 5.0;
				TARGETED_DEVICE_FAMILY = 1;
			};
			name = Debug;
		};
		1957B1262461F1010038E9F9 /* Release */ = {
			isa = XCBuildConfiguration;
			buildSettings = {
				ASSETCATALOG_COMPILER_APPICON_NAME = AppIcon;
				CODE_SIGN_STYLE = Automatic;
				DEVELOPMENT_ASSET_PATHS = "\"ECG Scanner/Preview Content\"";
				DEVELOPMENT_TEAM = 4P6N55ZT28;
				ENABLE_PREVIEWS = YES;
				INFOPLIST_FILE = "ECG Scanner/Info.plist";
				LD_RUNPATH_SEARCH_PATHS = (
					"$(inherited)",
					"@executable_path/Frameworks",
				);
				PRODUCT_BUNDLE_IDENTIFIER = "gago.ECG-Scanner";
				PRODUCT_NAME = "$(TARGET_NAME)";
				SWIFT_VERSION = 5.0;
				TARGETED_DEVICE_FAMILY = 1;
			};
			name = Release;
		};
		1957B1282461F1010038E9F9 /* Debug */ = {
			isa = XCBuildConfiguration;
			buildSettings = {
				ALWAYS_EMBED_SWIFT_STANDARD_LIBRARIES = YES;
				BUNDLE_LOADER = "$(TEST_HOST)";
				CODE_SIGN_STYLE = Automatic;
				DEVELOPMENT_TEAM = 4P6N55ZT28;
				INFOPLIST_FILE = "ECG ScannerTests/Info.plist";
				IPHONEOS_DEPLOYMENT_TARGET = 13.2;
				LD_RUNPATH_SEARCH_PATHS = (
					"$(inherited)",
					"@executable_path/Frameworks",
					"@loader_path/Frameworks",
				);
				PRODUCT_BUNDLE_IDENTIFIER = "gago.ECG-ScannerTests";
				PRODUCT_NAME = "$(TARGET_NAME)";
				SWIFT_VERSION = 5.0;
				TARGETED_DEVICE_FAMILY = "1,2";
				TEST_HOST = "$(BUILT_PRODUCTS_DIR)/ECG Scanner.app/ECG Scanner";
			};
			name = Debug;
		};
		1957B1292461F1010038E9F9 /* Release */ = {
			isa = XCBuildConfiguration;
			buildSettings = {
				ALWAYS_EMBED_SWIFT_STANDARD_LIBRARIES = YES;
				BUNDLE_LOADER = "$(TEST_HOST)";
				CODE_SIGN_STYLE = Automatic;
				DEVELOPMENT_TEAM = 4P6N55ZT28;
				INFOPLIST_FILE = "ECG ScannerTests/Info.plist";
				IPHONEOS_DEPLOYMENT_TARGET = 13.2;
				LD_RUNPATH_SEARCH_PATHS = (
					"$(inherited)",
					"@executable_path/Frameworks",
					"@loader_path/Frameworks",
				);
				PRODUCT_BUNDLE_IDENTIFIER = "gago.ECG-ScannerTests";
				PRODUCT_NAME = "$(TARGET_NAME)";
				SWIFT_VERSION = 5.0;
				TARGETED_DEVICE_FAMILY = "1,2";
				TEST_HOST = "$(BUILT_PRODUCTS_DIR)/ECG Scanner.app/ECG Scanner";
			};
			name = Release;
		};
		1957B12B2461F1010038E9F9 /* Debug */ = {
			isa = XCBuildConfiguration;
			buildSettings = {
				ALWAYS_EMBED_SWIFT_STANDARD_LIBRARIES = YES;
				CODE_SIGN_STYLE = Automatic;
				DEVELOPMENT_TEAM = 4P6N55ZT28;
				INFOPLIST_FILE = "ECG ScannerUITests/Info.plist";
				LD_RUNPATH_SEARCH_PATHS = (
					"$(inherited)",
					"@executable_path/Frameworks",
					"@loader_path/Frameworks",
				);
				PRODUCT_BUNDLE_IDENTIFIER = "gago.ECG-ScannerUITests";
				PRODUCT_NAME = "$(TARGET_NAME)";
				SWIFT_VERSION = 5.0;
				TARGETED_DEVICE_FAMILY = "1,2";
				TEST_TARGET_NAME = "ECG Scanner";
			};
			name = Debug;
		};
		1957B12C2461F1010038E9F9 /* Release */ = {
			isa = XCBuildConfiguration;
			buildSettings = {
				ALWAYS_EMBED_SWIFT_STANDARD_LIBRARIES = YES;
				CODE_SIGN_STYLE = Automatic;
				DEVELOPMENT_TEAM = 4P6N55ZT28;
				INFOPLIST_FILE = "ECG ScannerUITests/Info.plist";
				LD_RUNPATH_SEARCH_PATHS = (
					"$(inherited)",
					"@executable_path/Frameworks",
					"@loader_path/Frameworks",
				);
				PRODUCT_BUNDLE_IDENTIFIER = "gago.ECG-ScannerUITests";
				PRODUCT_NAME = "$(TARGET_NAME)";
				SWIFT_VERSION = 5.0;
				TARGETED_DEVICE_FAMILY = "1,2";
				TEST_TARGET_NAME = "ECG Scanner";
			};
			name = Release;
		};
/* End XCBuildConfiguration section */

/* Begin XCConfigurationList section */
		1957B0F22461F0FF0038E9F9 /* Build configuration list for PBXProject "ECG Scanner" */ = {
			isa = XCConfigurationList;
			buildConfigurations = (
				1957B1222461F1010038E9F9 /* Debug */,
				1957B1232461F1010038E9F9 /* Release */,
			);
			defaultConfigurationIsVisible = 0;
			defaultConfigurationName = Release;
		};
		1957B1242461F1010038E9F9 /* Build configuration list for PBXNativeTarget "ECG Scanner" */ = {
			isa = XCConfigurationList;
			buildConfigurations = (
				1957B1252461F1010038E9F9 /* Debug */,
				1957B1262461F1010038E9F9 /* Release */,
			);
			defaultConfigurationIsVisible = 0;
			defaultConfigurationName = Release;
		};
		1957B1272461F1010038E9F9 /* Build configuration list for PBXNativeTarget "ECG ScannerTests" */ = {
			isa = XCConfigurationList;
			buildConfigurations = (
				1957B1282461F1010038E9F9 /* Debug */,
				1957B1292461F1010038E9F9 /* Release */,
			);
			defaultConfigurationIsVisible = 0;
			defaultConfigurationName = Release;
		};
		1957B12A2461F1010038E9F9 /* Build configuration list for PBXNativeTarget "ECG ScannerUITests" */ = {
			isa = XCConfigurationList;
			buildConfigurations = (
				1957B12B2461F1010038E9F9 /* Debug */,
				1957B12C2461F1010038E9F9 /* Release */,
			);
			defaultConfigurationIsVisible = 0;
			defaultConfigurationName = Release;
		};
/* End XCConfigurationList section */

/* Begin XCVersionGroup section */
		1957B0FE2461F0FF0038E9F9 /* ECG_Scanner.xcdatamodeld */ = {
			isa = XCVersionGroup;
			children = (
				1957B0FF2461F0FF0038E9F9 /* ECG_Scanner.xcdatamodel */,
			);
			currentVersion = 1957B0FF2461F0FF0038E9F9 /* ECG_Scanner.xcdatamodel */;
			path = ECG_Scanner.xcdatamodeld;
			sourceTree = "<group>";
			versionGroupType = wrapper.xcdatamodel;
		};
/* End XCVersionGroup section */
	};
	rootObject = 1957B0EF2461F0FF0038E9F9 /* Project object */;
}
