{
  "object": {
    "pins": [
      {
        "package": "CameraView",
        "repositoryURL": "https://github.com/brettfazio/CameraView",
        "state": {
          "branch": null,
          "revision": "bb528e129ac23f2888dee51a309bbd4b10374673",
          "version": "0.0.1"
        }
      },
      {
        "package": "KeyboardObserving",
        "repositoryURL": "https://github.com/nickffox/KeyboardObserving",
        "state": {
          "branch": "master",
          "revision": "df105a7c43a93b06492ee5832037e20c8f472b46",
          "version": null
        }
      },
      {
        "package": "SwiftyJSON",
        "repositoryURL": "https://github.com/SwiftyJSON/SwiftyJSON",
        "state": {
          "branch": null,
          "revision": "2b6054efa051565954e1d2b9da831680026cd768",
          "version": "5.0.0"
        }
      }
    ]
  },
  "version": 1
}
